// !$*UTF8*$!
{
	archiveVersion = 1;
	classes = {
	};
	objectVersion = 38;
	objects = {
		00D09AA2FEE24BF0C0A80006 = {
			isa = PBXFileReference;
			name = QutMac.h;
			path = ../../Qut/Mac/QutMac.h;
			refType = 4;
		};
		00D09AA3FEE24BF0C0A80006 = {
			fileRef = 00D09AA2FEE24BF0C0A80006;
			isa = PBXBuildFile;
			settings = {
			};
		};
//000
//001
//002
//003
//004
//010
//011
//012
//013
//014
		010832F8FEF3418F7F000001 = {
			isa = PBXFileReference;
			name = main.nib;
			path = ../../Qut/Mac/main.nib;
			refType = 4;
		};
		010832F9FEF3418F7F000001 = {
			fileRef = 010832F8FEF3418F7F000001;
			isa = PBXBuildFile;
			settings = {
			};
		};
		0157032C00C1BABE7F000001 = {
			buildRules = (
			);
			buildSettings = {
				COPY_PHASE_STRIP = NO;
				OPTIMIZATION_CFLAGS = "-O0";
			};
			isa = PBXBuildStyle;
			name = Development;
		};
		0157032D00C1BABE7F000001 = {
			buildRules = (
			);
			buildSettings = {
				COPY_PHASE_STRIP = YES;
			};
			isa = PBXBuildStyle;
			name = Deployment;
		};
		0157032F00C1BE9D7F000001 = {
			isa = PBXFrameworkReference;
			name = Quesa.framework;
			path = "../../../../Development/Projects/Mac/Project Builder/build/Quesa.framework";
			refType = 2;
		};
		0157033000C1BE9D7F000001 = {
			fileRef = 0157032F00C1BE9D7F000001;
			isa = PBXBuildFile;
			settings = {
			};
		};
//010
//011
//012
//013
//014
//030
//031
//032
//033
//034
		03F20AB0FEE9A4E17F000001 = {
			isa = PBXFileReference;
			name = QutTexture.c;
			path = ../../Qut/QutTexture.c;
			refType = 4;
		};
		03F20AB1FEE9A4E17F000001 = {
			isa = PBXFileReference;
			name = QutTexture.h;
			path = ../../Qut/QutTexture.h;
			refType = 4;
		};
//030
//031
//032
//033
//034
//040
//041
//042
//043
//044
		04313892FE3035C9C02AAC07 = {
			buildActionMask = 2147483647;
			files = (
			);
			isa = PBXRezBuildPhase;
			runOnlyForDeploymentPostprocessing = 0;
		};
//040
//041
//042
//043
//044
//060
//061
//062
//063
//064
		06B177C6FEDA5986C0A80006 = {
			isa = PBXFileReference;
			name = "Geom Test.c";
			path = "../Geom Test.c";
			refType = 4;
		};
		06B177C7FEDA5986C0A80006 = {
			children = (
				06B177C8FEDA5986C0A80006,
				06B177C9FEDA5986C0A80006,
				06B177CAFEDA5986C0A80006,
				06B177CBFEDA5986C0A80006,
				03F20AB0FEE9A4E17F000001,
				03F20AB1FEE9A4E17F000001,
			);
			isa = PBXGroup;
			name = Qut;
			path = "";
			refType = 4;
		};
		06B177C8FEDA5986C0A80006 = {
			isa = PBXFileReference;
			name = Qut.c;
			path = ../../Qut/Qut.c;
			refType = 4;
		};
		06B177C9FEDA5986C0A80006 = {
			isa = PBXFileReference;
			name = Qut.h;
			path = ../../Qut/Qut.h;
			refType = 4;
		};
		06B177CAFEDA5986C0A80006 = {
			isa = PBXFileReference;
			name = QutInternal.h;
			path = ../../Qut/QutInternal.h;
			refType = 4;
		};
		06B177CBFEDA5986C0A80006 = {
			children = (
				06B177CDFEDA5986C0A80006,
				00D09AA2FEE24BF0C0A80006,
			);
			isa = PBXGroup;
			name = Mac;
			refType = 4;
		};
		06B177CDFEDA5986C0A80006 = {
			indentWidth = 2;
			isa = PBXFileReference;
			name = QutMac.c;
			path = ../../Qut/Mac/QutMac.c;
			refType = 4;
			tabWidth = 8;
			usesTabs = 1;
		};
		06B177CFFEDA5986C0A80006 = {
			fileRef = 06B177C9FEDA5986C0A80006;
			isa = PBXBuildFile;
			settings = {
			};
		};
		06B177D0FEDA5986C0A80006 = {
			fileRef = 06B177CAFEDA5986C0A80006;
			isa = PBXBuildFile;
			settings = {
			};
		};
		06B177D1FEDA5986C0A80006 = {
			fileRef = 06B177C6FEDA5986C0A80006;
			isa = PBXBuildFile;
			settings = {
				ATTRIBUTES = (
				);
			};
		};
		06B177D2FEDA5986C0A80006 = {
			fileRef = 06B177C8FEDA5986C0A80006;
			isa = PBXBuildFile;
			settings = {
				ATTRIBUTES = (
				);
			};
		};
		06B177DBFEDA5FA8C0A80006 = {
			fileRef = 06B177CDFEDA5986C0A80006;
			isa = PBXBuildFile;
			settings = {
				ATTRIBUTES = (
				);
			};
		};
//060
//061
//062
//063
//064
//070
//071
//072
//073
//074
		07D71ED5FFE40CD97F000001 = {
			isa = PBXApplicationReference;
			path = "Geom Test.app";
			refType = 3;
		};
//070
//071
//072
//073
//074
//080
//081
//082
//083
//084
		0867D6AAFE840B52C02AAC07 = {
			children = (
				0867D6ABFE840B52C02AAC07,
			);
			isa = PBXVariantGroup;
			name = InfoPlist.strings;
			refType = 4;
		};
		0867D6ABFE840B52C02AAC07 = {
			isa = PBXFileReference;
			name = English;
			path = English.lproj/InfoPlist.strings;
			refType = 4;
		};
		0867D6ACFE840B52C02AAC07 = {
			fileRef = 0867D6AAFE840B52C02AAC07;
			isa = PBXBuildFile;
			settings = {
			};
		};
//080
//081
//082
//083
//084
//190
//191
//192
//193
//194
		195DF8C9FE9D4F0611CA2CBB = {
			children = (
				07D71ED5FFE40CD97F000001,
			);
			isa = PBXGroup;
			name = Products;
			refType = 4;
		};
//190
//191
//192
//193
//194
//200
//201
//202
//203
//204
		20286C28FDCF999611CA2CEA = {
			buildStyles = (
				0157032C00C1BABE7F000001,
				0157032D00C1BABE7F000001,
			);
			isa = PBXProject;
			mainGroup = 20286C29FDCF999611CA2CEA;
			projectDirPath = "";
			targets = (
				20286C34FDCF999611CA2CEA,
			);
		};
		20286C29FDCF999611CA2CEA = {
			children = (
				20286C2AFDCF999611CA2CEA,
				20286C2CFDCF999611CA2CEA,
				20286C32FDCF999611CA2CEA,
				195DF8C9FE9D4F0611CA2CBB,
			);
			isa = PBXGroup;
			name = CarbonApp;
			path = "";
			refType = 4;
		};
		20286C2AFDCF999611CA2CEA = {
			children = (
				06B177C6FEDA5986C0A80006,
				06B177C7FEDA5986C0A80006,
			);
			isa = PBXGroup;
			name = Sources;
			path = "";
			refType = 4;
		};
		20286C2CFDCF999611CA2CEA = {
			children = (
				0867D6AAFE840B52C02AAC07,
				010832F8FEF3418F7F000001,
			);
			isa = PBXGroup;
			name = Resources;
			path = "";
			refType = 4;
		};
		20286C32FDCF999611CA2CEA = {
			children = (
				20286C33FDCF999611CA2CEA,
				0157032F00C1BE9D7F000001,
				F549DD6204A6393001000064,
			);
			isa = PBXGroup;
			name = "External Frameworks and Libraries";
			path = "";
			refType = 4;
		};
		20286C33FDCF999611CA2CEA = {
			isa = PBXFrameworkReference;
			name = Carbon.framework;
			path = ../../../../../../../../../../../System/Library/Frameworks/Carbon.framework;
			refType = 2;
		};
		20286C34FDCF999611CA2CEA = {
			buildPhases = (
				20286C35FDCF999611CA2CEA,
				20286C36FDCF999611CA2CEA,
				20286C38FDCF999611CA2CEA,
				20286C3BFDCF999611CA2CEA,
				04313892FE3035C9C02AAC07,
			);
			buildSettings = {
				FRAMEWORK_SEARCH_PATHS = "\"../../../../Development/Projects/Mac/Project Builder/build\"";
				HEADER_SEARCH_PATHS = ../../../Includes/Quesa;
				INSTALL_PATH = "$(HOME)/Applications";
				LIBRARY_SEARCH_PATHS = "";
				OTHER_CFLAGS = "-DQUESA_OS_MACINTOSH=1 -DTARGET_API_MAC_CARBON=1 -DTARGET_RT_MAC_MACHO=1";
				OTHER_LDFLAGS = "";
				OTHER_REZFLAGS = "";
				PRODUCT_NAME = "Geom Test";
				SECTORDER_FLAGS = "";
				WARNING_CFLAGS = "-Wmost -Wno-four-char-constants -Wno-unknown-pragmas";
				WRAPPER_EXTENSION = app;
			};
			dependencies = (
			);
			isa = PBXApplicationTarget;
			name = "Geom Test";
			productInstallPath = "$(HOME)/Applications";
			productName = "Geom Test";
			productReference = 07D71ED5FFE40CD97F000001;
			productSettingsXML = "<?xml version=\"1.0\" encoding=\"UTF-8\"?>
<!DOCTYPE plist PUBLIC \"-//Apple Computer//DTD PLIST 1.0//EN\" \"http://www.apple.com/DTDs/PropertyList-1.0.dtd\">
<plist version=\"1.0\">
<dict>
	<key>CFBundleDevelopmentRegion</key>
	<string>English</string>
	<key>CFBundleExecutable</key>
	<string>Geom Test</string>
	<key>CFBundleIconFile</key>
	<string></string>
	<key>CFBundleInfoDictionaryVersion</key>
	<string>6.0</string>
	<key>CFBundlePackageType</key>
	<string>APPL</string>
	<key>CFBundleSignature</key>
	<string>????</string>
	<key>CFBundleVersion</key>
	<string>0.0.1d1</string>
</dict>
</plist>
";
			shouldUseHeadermap = 1;
		};
		20286C35FDCF999611CA2CEA = {
			buildActionMask = 2147483647;
			files = (
				06B177CFFEDA5986C0A80006,
				06B177D0FEDA5986C0A80006,
				00D09AA3FEE24BF0C0A80006,
				F549DD6104A6390301000064,
			);
			isa = PBXHeadersBuildPhase;
			runOnlyForDeploymentPostprocessing = 0;
		};
		20286C36FDCF999611CA2CEA = {
			buildActionMask = 2147483647;
			files = (
				0867D6ACFE840B52C02AAC07,
				010832F9FEF3418F7F000001,
			);
			isa = PBXResourcesBuildPhase;
			runOnlyForDeploymentPostprocessing = 0;
		};
		20286C38FDCF999611CA2CEA = {
			buildActionMask = 2147483647;
			files = (
				06B177D1FEDA5986C0A80006,
				06B177D2FEDA5986C0A80006,
				06B177DBFEDA5FA8C0A80006,
				F549DD6004A6390201000064,
			);
			isa = PBXSourcesBuildPhase;
			runOnlyForDeploymentPostprocessing = 0;
		};
		20286C3BFDCF999611CA2CEA = {
			buildActionMask = 2147483647;
			files = (
				20286C3CFDCF999611CA2CEA,
				0157033000C1BE9D7F000001,
				F549DD8504A6393001000064,
			);
			isa = PBXFrameworksBuildPhase;
			runOnlyForDeploymentPostprocessing = 0;
		};
		20286C3CFDCF999611CA2CEA = {
			fileRef = 20286C33FDCF999611CA2CEA;
			isa = PBXBuildFile;
			settings = {
			};
		};
//200
//201
//202
//203
//204
//F50
//F51
//F52
//F53
//F54
		F549DD6004A6390201000064 = {
			fileRef = 03F20AB0FEE9A4E17F000001;
			isa = PBXBuildFile;
			settings = {
			};
		};
		F549DD6104A6390301000064 = {
			fileRef = 03F20AB1FEE9A4E17F000001;
			isa = PBXBuildFile;
			settings = {
			};
		};
		F549DD6204A6393001000064 = {
			isa = PBXFrameworkReference;
			name = QuickTime.framework;
			path = /System/Library/Frameworks/QuickTime.framework;
			refType = 0;
		};
		F549DD8504A6393001000064 = {
			fileRef = F549DD6204A6393001000064;
			isa = PBXBuildFile;
			settings = {
			};
		};
	};
	rootObject = 20286C28FDCF999611CA2CEA;
}
